
Microsoft Visual Studio Solution File, Format Version 12.00
# Visual Studio Version 17
VisualStudioVersion = 17.3.32901.215
MinimumVisualStudioVersion = 10.0.40219.1
Project("{FAE04EC0-301F-11D3-BF4B-00C04F79EFBC}") = "Refactor", "Refactor\Refactor.csproj", "{1C049E40-DE7E-45EF-81D0-787E255939FF}"
EndProject
Global
	GlobalSection(SolutionConfigurationPlatforms) = preSolution
		Debug|Any CPU = Debug|Any CPU
		Release|Any CPU = Release|Any CPU
	EndGlobalSection
	GlobalSection(ProjectConfigurationPlatforms) = postSolution
		{1C049E40-DE7E-45EF-81D0-787E255939FF}.Debug|Any CPU.ActiveCfg = Debug|Any CPU
		{1C049E40-DE7E-45EF-81D0-787E255939FF}.Debug|Any CPU.Build.0 = Debug|Any CPU
		{1C049E40-DE7E-45EF-81D0-787E255939FF}.Release|Any CPU.ActiveCfg = Release|Any CPU
		{1C049E40-DE7E-45EF-81D0-787E255939FF}.Release|Any CPU.Build.0 = Release|Any CPU
	EndGlobalSection
	GlobalSection(SolutionProperties) = preSolution
		HideSolutionNode = FALSE
	EndGlobalSection
	GlobalSection(ExtensibilityGlobals) = postSolution
		SolutionGuid = {AE2B5F3E-C6A0-495F-A36F-40CD549556D6}
	EndGlobalSection
EndGlobal
